
Microsoft Visual Studio Solution File, Format Version 12.00
# Visual Studio Version 16
VisualStudioVersion = 16.0.29209.62
MinimumVisualStudioVersion = 10.0.40219.1
Project("{FAE04EC0-301F-11D3-BF4B-00C04F79EFBC}") = "Bazen", "Bazen\Bazen.csproj", "{6EA1DC28-EFD2-4F64-9D58-D55B7E88180A}"
EndProject
Global
	GlobalSection(SolutionConfigurationPlatforms) = preSolution
		Debug|Any CPU = Debug|Any CPU
		Release|Any CPU = Release|Any CPU
	EndGlobalSection
	GlobalSection(ProjectConfigurationPlatforms) = postSolution
		{6EA1DC28-EFD2-4F64-9D58-D55B7E88180A}.Debug|Any CPU.ActiveCfg = Debug|Any CPU
		{6EA1DC28-EFD2-4F64-9D58-D55B7E88180A}.Debug|Any CPU.Build.0 = Debug|Any CPU
		{6EA1DC28-EFD2-4F64-9D58-D55B7E88180A}.Release|Any CPU.ActiveCfg = Release|Any CPU
		{6EA1DC28-EFD2-4F64-9D58-D55B7E88180A}.Release|Any CPU.Build.0 = Release|Any CPU
	EndGlobalSection
	GlobalSection(SolutionProperties) = preSolution
		HideSolutionNode = FALSE
	EndGlobalSection
	GlobalSection(ExtensibilityGlobals) = postSolution
		SolutionGuid = {CD24CEFD-CB4B-4881-8D5B-F3C32B518464}
	EndGlobalSection
EndGlobal
